
Microsoft Visual Studio Solution File, Format Version 12.00
# Visual Studio Version 16
VisualStudioVersion = 16.0.30907.101
MinimumVisualStudioVersion = 10.0.40219.1
Project("{9A19103F-16F7-4668-BE54-9A1E7A4F7556}") = "JavaScriptIntro", "JavaScriptIntro\JavaScriptIntro.csproj", "{12677F73-8422-49F0-A9A4-4E95D754D05B}"
EndProject
Project("{9A19103F-16F7-4668-BE54-9A1E7A4F7556}") = "HTML Basic", "HTML Basic\HTML Basic.csproj", "{3732FC67-D032-4D67-B7C4-D5DF38279254}"
EndProject
Project("{9A19103F-16F7-4668-BE54-9A1E7A4F7556}") = "CSS Basic", "CSS Basic\CSS Basic.csproj", "{7CA6A16F-992E-496A-9331-94637E9BAF34}"
EndProject
Project("{9A19103F-16F7-4668-BE54-9A1E7A4F7556}") = "JavaScriptSyntax", "JavaScriptSyntax\JavaScriptSyntax.csproj", "{329F14E8-C5EF-4123-99C2-4BAF4FABD32C}"
EndProject
Project("{FAE04EC0-301F-11D3-BF4B-00C04F79EFBC}") = "JavaScriptFunctions05", "JavaScriptFunctions05\JavaScriptFunctions05.csproj", "{7DE00120-F38A-4B4E-97B8-50E7B5381D1E}"
EndProject
Global
	GlobalSection(SolutionConfigurationPlatforms) = preSolution
		Debug|Any CPU = Debug|Any CPU
		Release|Any CPU = Release|Any CPU
	EndGlobalSection
	GlobalSection(ProjectConfigurationPlatforms) = postSolution
		{12677F73-8422-49F0-A9A4-4E95D754D05B}.Debug|Any CPU.ActiveCfg = Debug|Any CPU
		{12677F73-8422-49F0-A9A4-4E95D754D05B}.Debug|Any CPU.Build.0 = Debug|Any CPU
		{12677F73-8422-49F0-A9A4-4E95D754D05B}.Release|Any CPU.ActiveCfg = Release|Any CPU
		{12677F73-8422-49F0-A9A4-4E95D754D05B}.Release|Any CPU.Build.0 = Release|Any CPU
		{3732FC67-D032-4D67-B7C4-D5DF38279254}.Debug|Any CPU.ActiveCfg = Debug|Any CPU
		{3732FC67-D032-4D67-B7C4-D5DF38279254}.Debug|Any CPU.Build.0 = Debug|Any CPU
		{3732FC67-D032-4D67-B7C4-D5DF38279254}.Release|Any CPU.ActiveCfg = Release|Any CPU
		{3732FC67-D032-4D67-B7C4-D5DF38279254}.Release|Any CPU.Build.0 = Release|Any CPU
		{7CA6A16F-992E-496A-9331-94637E9BAF34}.Debug|Any CPU.ActiveCfg = Debug|Any CPU
		{7CA6A16F-992E-496A-9331-94637E9BAF34}.Debug|Any CPU.Build.0 = Debug|Any CPU
		{7CA6A16F-992E-496A-9331-94637E9BAF34}.Release|Any CPU.ActiveCfg = Release|Any CPU
		{7CA6A16F-992E-496A-9331-94637E9BAF34}.Release|Any CPU.Build.0 = Release|Any CPU
		{329F14E8-C5EF-4123-99C2-4BAF4FABD32C}.Debug|Any CPU.ActiveCfg = Debug|Any CPU
		{329F14E8-C5EF-4123-99C2-4BAF4FABD32C}.Debug|Any CPU.Build.0 = Debug|Any CPU
		{329F14E8-C5EF-4123-99C2-4BAF4FABD32C}.Release|Any CPU.ActiveCfg = Release|Any CPU
		{329F14E8-C5EF-4123-99C2-4BAF4FABD32C}.Release|Any CPU.Build.0 = Release|Any CPU
		{7DE00120-F38A-4B4E-97B8-50E7B5381D1E}.Debug|Any CPU.ActiveCfg = Debug|Any CPU
		{7DE00120-F38A-4B4E-97B8-50E7B5381D1E}.Debug|Any CPU.Build.0 = Debug|Any CPU
		{7DE00120-F38A-4B4E-97B8-50E7B5381D1E}.Release|Any CPU.ActiveCfg = Release|Any CPU
		{7DE00120-F38A-4B4E-97B8-50E7B5381D1E}.Release|Any CPU.Build.0 = Release|Any CPU
	EndGlobalSection
	GlobalSection(SolutionProperties) = preSolution
		HideSolutionNode = FALSE
	EndGlobalSection
	GlobalSection(ExtensibilityGlobals) = postSolution
		SolutionGuid = {3C28BC44-226A-4C5C-A3CA-157106523CF7}
	EndGlobalSection
EndGlobal
